{
  "version": 4,
  "terraform_version": "1.14.3",
  "serial": 199,
  "lineage": "2f31951e-6d26-4793-72df-e10788416fda",
  "outputs": {
    "api_url": {
      "value": "http://18.136.248.228:8080",
      "type": "string"
    },
    "ec2_instance_id": {
      "value": "i-0591be1c6455f5097",
      "type": "string"
    },
    "ec2_public_dns": {
      "value": "ec2-13-212-89-17.ap-southeast-1.compute.amazonaws.com",
      "type": "string"
    },
    "ec2_public_ip": {
      "value": "18.136.248.228",
      "type": "string"
    },
    "ssh_command": {
      "value": "ssh -i ~/.ssh/vod-ec2-key ubuntu@18.136.248.228",
      "type": "string"
    }
  },
  "resources": [
    {
      "mode": "data",
      "type": "aws_ami",
      "name": "amazon_linux",
      "provider": "provider[\"registry.terraform.io/hashicorp/aws\"]",
      "instances": [
        {
          "schema_version": 0,
          "attributes": {
            "architecture": "x86_64",
            "arn": "arn:aws:ec2:ap-southeast-1::image/ami-08d59269edddde222",
            "block_device_mappings": [
              {
                "device_name": "/dev/sda1",
                "ebs": {
                  "delete_on_termination": "true",
                  "encrypted": "false",
                  "iops": "0",
                  "snapshot_id": "snap-00d1127a58236288e",
                  "throughput": "0",
                  "volume_initialization_rate": "0",
                  "volume_size": "8",
                  "volume_type": "gp3"
                },
                "no_device": "",
                "virtual_name": ""
              },
              {
                "device_name": "/dev/sdb",
                "ebs": {},
                "no_device": "",
                "virtual_name": "ephemeral0"
              },
              {
                "device_name": "/dev/sdc",
                "ebs": {},
                "no_device": "",
                "virtual_name": "ephemeral1"
              }
            ],
            "boot_mode": "uefi-preferred",
            "creation_date": "2025-12-12T10:47:47.000Z",
            "deprecation_time": "2027-12-12T10:47:47.000Z",
            "description": "Canonical, Ubuntu, 24.04, amd64 noble image",
            "ena_support": true,
            "executable_users": null,
            "filter": [
              {
                "name": "name",
                "values": [
                  "ubuntu/images/hvm-ssd-gp3/*-amd64-server-*"
                ]
              },
              {
                "name": "virtualization-type",
                "values": [
                  "hvm"
                ]
              }
            ],
            "hypervisor": "xen",
            "id": "ami-08d59269edddde222",
            "image_id": "ami-08d59269edddde222",
            "image_location": "amazon/ubuntu/images/hvm-ssd-gp3/ubuntu-noble-24.04-amd64-server-20251212",
            "image_owner_alias": "amazon",
            "image_type": "machine",
            "imds_support": "v2.0",
            "include_deprecated": false,
            "kernel_id": "",
            "last_launched_time": "",
            "most_recent": true,
            "name": "ubuntu/images/hvm-ssd-gp3/ubuntu-noble-24.04-amd64-server-20251212",
            "name_regex": null,
            "owner_id": "099720109477",
            "owners": [
              "amazon"
            ],
            "platform": "",
            "platform_details": "Linux/UNIX",
            "product_codes": [],
            "public": true,
            "ramdisk_id": "",
            "root_device_name": "/dev/sda1",
            "root_device_type": "ebs",
            "root_snapshot_id": "snap-00d1127a58236288e",
            "sriov_net_support": "simple",
            "state": "available",
            "state_reason": {
              "code": "UNSET",
              "message": "UNSET"
            },
            "tags": {},
            "timeouts": null,
            "tpm_support": "",
            "uefi_data": null,
            "usage_operation": "RunInstances",
            "virtualization_type": "hvm"
          },
          "sensitive_attributes": [],
          "identity_schema_version": 0
        }
      ]
    },
    {
      "mode": "data",
      "type": "local_file",
      "name": "public_key",
      "provider": "provider[\"registry.terraform.io/hashicorp/local\"]",
      "instances": [
        {
          "schema_version": 0,
          "attributes": {
            "content": "ssh-rsa AAAAB3NzaC1yc2EAAAADAQABAAACAQCisGJBDxRcQ1ol1U1ktPm4moVN1ZRNUKM1Adc1Gj2hUFuaI5IpIvybm1SMknz/iBN/TWKeEeSAtyDVnnsr1jhgEizX36C0dSo6Xzsj4ch5weUqepvNn13AUSHJKMYg/UqhZ40D1aWrQKN/NVojSt1HtX5L02e7DCA2QDXGoXkCPpxOQnZa3QoULjQB4H4kzrr+mPyIzJtYG8fF/pIaJMWv80YqDLhPzrE+gwOdpjavce3oZZUA/KdvpTV4FWmBspbIF+9uV8edz+KgrCLfwDAMbdNElRRJhucP4qCMssSIEW2oISwl0V2l2hnF+G/iSJ4gvJVGiG9dmKiMj+b2dvFBABJLhQ8iOVS4Sct7sPqP9EcbflzoOQnNL9Jbr5achny7R8VQUP5fAGkKm6DDUBfROxnebagrEVRXrh+K6Uqj/JcSf/JaegMmcl0sHC0lxxtsWoHWrNT/nP/trEFtNbh+UAsds/wAivyZSFXFRuK7CsIQqyoEUU+IcdDcLUiAClaroXgXC+faO/hG3B7LuuppU0TMbTMDiDgD4n/nOzOJh0OcscK9hwhsIa1yuAVqZf/MeW3JXXUi9dSRZg7zV76egcOJkglCGvoGMnWjEP26UjlxIeH0sc+NT5mBIAm3wTZO2ainycT5uGC/Uh+eysI4f1XpOARTi7RLFw4ReJ0Qtw== khoa@debian\n",
            "content_base64": "c3NoLXJzYSBBQUFBQjNOemFDMXljMkVBQUFBREFRQUJBQUFDQVFDaXNHSkJEeFJjUTFvbDFVMWt0UG00bW9WTjFaUk5VS00xQWRjMUdqMmhVRnVhSTVJcEl2eWJtMVNNa256L2lCTi9UV0tlRWVTQXR5RFZubnNyMWpoZ0VpelgzNkMwZFNvNlh6c2o0Y2g1d2VVcWVwdk5uMTNBVVNISktNWWcvVXFoWjQwRDFhV3JRS04vTlZvalN0MUh0WDVMMDJlN0RDQTJRRFhHb1hrQ1BweE9RblphM1FvVUxqUUI0SDRrenJyK21QeUl6SnRZRzhmRi9wSWFKTVd2ODBZcURMaFB6ckUrZ3dPZHBqYXZjZTNvWlpVQS9LZHZwVFY0RldtQnNwYklGKzl1VjhlZHorS2dyQ0xmd0RBTWJkTkVsUlJKaHVjUDRxQ01zc1NJRVcyb0lTd2wwVjJsMmhuRitHL2lTSjRndkpWR2lHOWRtS2lNaitiMmR2RkJBQkpMaFE4aU9WUzRTY3Q3c1BxUDlFY2JmbHpvT1FuTkw5SmJyNWFjaG55N1I4VlFVUDVmQUdrS202RERVQmZST3huZWJhZ3JFVlJYcmgrSzZVcWovSmNTZi9KYWVnTW1jbDBzSEMwbHh4dHNXb0hXck5UL25QL3RyRUZ0TmJoK1VBc2RzL3dBaXZ5WlNGWEZSdUs3Q3NJUXF5b0VVVStJY2REY0xVaUFDbGFyb1hnWEMrZmFPL2hHM0I3THV1cHBVMFRNYlRNRGlEZ0Q0bi9uT3pPSmgwT2NzY0s5aHdoc0lhMXl1QVZxWmYvTWVXM0pYWFVpOWRTUlpnN3pWNzZlZ2NPSmtnbENHdm9HTW5XakVQMjZVamx4SWVIMHNjK05UNW1CSUFtM3dUWk8yYWlueWNUNXVHQy9VaCtleXNJNGYxWHBPQVJUaTdSTEZ3NFJlSjBRdHc9PSBraG9hQGRlYmlhbgo=",
            "content_base64sha256": "mjh0JyyN3EjFik0fDADf51qqVNVU8+pX8weQPt0k/Ds=",
            "content_base64sha512": "1xhP6j2GI3rq9a9zWPsln+17X63pZPc92+6f2BjksAVFuueQVAcuhJnnpE5FxEZbiC+qtwUFjAwNsLgXocq3qw==",
            "content_md5": "97b5a32a67e0a2825095cb6de85a941e",
            "content_sha1": "2b0fd386f396caee45daf6193929092b3a140b38",
            "content_sha256": "9a3874272c8ddc48c58a4d1f0c00dfe75aaa54d554f3ea57f307903edd24fc3b",
            "content_sha512": "d7184fea3d86237aeaf5af7358fb259fed7b5fade964f73ddbee9fd818e4b00545bae79054072e8499e7a44e45c4465b882faab705058c0c0db0b817a1cab7ab",
            "filename": "/home/khoa/.ssh/vod-ec2-key.pub",
            "id": "2b0fd386f396caee45daf6193929092b3a140b38"
          },
          "sensitive_attributes": [],
          "identity_schema_version": 0
        }
      ]
    },
    {
      "mode": "managed",
      "type": "aws_eip",
      "name": "vod_eip",
      "provider": "provider[\"registry.terraform.io/hashicorp/aws\"]",
      "instances": [
        {
          "schema_version": 0,
          "attributes": {
            "address": null,
            "allocation_id": "eipalloc-0baf670386b5d5a50",
            "arn": "arn:aws:ec2:ap-southeast-1:914179697805:elastic-ip/eipalloc-0baf670386b5d5a50",
            "associate_with_private_ip": null,
            "association_id": "eipassoc-0b0b44aabd9ef1c07",
            "carrier_ip": "",
            "customer_owned_ip": "",
            "customer_owned_ipv4_pool": "",
            "domain": "vpc",
            "id": "eipalloc-0baf670386b5d5a50",
            "instance": "i-0591be1c6455f5097",
            "ipam_pool_id": null,
            "network_border_group": "ap-southeast-1",
            "network_interface": "eni-04ca455f2b73e2573",
            "private_dns": "ip-172-31-44-124.ap-southeast-1.compute.internal",
            "private_ip": "172.31.44.124",
            "ptr_record": "",
            "public_dns": "ec2-18-136-248-228.ap-southeast-1.compute.amazonaws.com",
            "public_ip": "18.136.248.228",
            "public_ipv4_pool": "amazon",
            "tags": {
              "Name": "vod-eip"
            },
            "tags_all": {
              "Name": "vod-eip"
            },
            "timeouts": null,
            "vpc": true
          },
          "sensitive_attributes": [],
          "identity_schema_version": 0,
          "private": "eyJlMmJmYjczMC1lY2FhLTExZTYtOGY4OC0zNDM2M2JjN2M0YzAiOnsiZGVsZXRlIjoxODAwMDAwMDAwMDAsInJlYWQiOjkwMDAwMDAwMDAwMCwidXBkYXRlIjozMDAwMDAwMDAwMDB9fQ==",
          "dependencies": [
            "aws_instance.vod_server",
            "aws_key_pair.vod_key",
            "aws_security_group.ec2_sg",
            "data.aws_ami.amazon_linux",
            "data.local_file.public_key"
          ]
        }
      ]
    },
    {
      "mode": "managed",
      "type": "aws_instance",
      "name": "vod_server",
      "provider": "provider[\"registry.terraform.io/hashicorp/aws\"]",
      "instances": [
        {
          "schema_version": 1,
          "attributes": {
            "ami": "ami-08d59269edddde222",
            "arn": "arn:aws:ec2:ap-southeast-1:914179697805:instance/i-0591be1c6455f5097",
            "associate_public_ip_address": true,
            "availability_zone": "ap-southeast-1a",
            "capacity_reservation_specification": [
              {
                "capacity_reservation_preference": "open",
                "capacity_reservation_target": []
              }
            ],
            "cpu_core_count": 1,
            "cpu_options": [
              {
                "amd_sev_snp": "",
                "core_count": 1,
                "threads_per_core": 2
              }
            ],
            "cpu_threads_per_core": 2,
            "credit_specification": [
              {
                "cpu_credits": "unlimited"
              }
            ],
            "disable_api_stop": false,
            "disable_api_termination": false,
            "ebs_block_device": [],
            "ebs_optimized": false,
            "enable_primary_ipv6": null,
            "enclave_options": [
              {
                "enabled": false
              }
            ],
            "ephemeral_block_device": [],
            "get_password_data": false,
            "hibernation": false,
            "host_id": "",
            "host_resource_group_arn": null,
            "iam_instance_profile": "",
            "id": "i-0591be1c6455f5097",
            "instance_initiated_shutdown_behavior": "stop",
            "instance_lifecycle": "",
            "instance_market_options": [],
            "instance_state": "running",
            "instance_type": "t3.small",
            "ipv6_address_count": 0,
            "ipv6_addresses": [],
            "key_name": "vod-ec2-key",
            "launch_template": [],
            "maintenance_options": [
              {
                "auto_recovery": "default"
              }
            ],
            "metadata_options": [
              {
                "http_endpoint": "enabled",
                "http_protocol_ipv6": "disabled",
                "http_put_response_hop_limit": 2,
                "http_tokens": "required",
                "instance_metadata_tags": "disabled"
              }
            ],
            "monitoring": false,
            "network_interface": [],
            "outpost_arn": "",
            "password_data": "",
            "placement_group": "",
            "placement_partition_number": 0,
            "primary_network_interface_id": "eni-04ca455f2b73e2573",
            "private_dns": "ip-172-31-44-124.ap-southeast-1.compute.internal",
            "private_dns_name_options": [
              {
                "enable_resource_name_dns_a_record": false,
                "enable_resource_name_dns_aaaa_record": false,
                "hostname_type": "ip-name"
              }
            ],
            "private_ip": "172.31.44.124",
            "public_dns": "ec2-13-212-89-17.ap-southeast-1.compute.amazonaws.com",
            "public_ip": "13.212.89.17",
            "root_block_device": [
              {
                "delete_on_termination": true,
                "device_name": "/dev/sda1",
                "encrypted": true,
                "iops": 3000,
                "kms_key_id": "arn:aws:kms:ap-southeast-1:914179697805:key/04dc4c0a-7785-4f56-b999-1a6b2b925d87",
                "tags": null,
                "tags_all": {},
                "throughput": 125,
                "volume_id": "vol-003c2e836ababefea",
                "volume_size": 30,
                "volume_type": "gp3"
              }
            ],
            "secondary_private_ips": [],
            "security_groups": [
              "vod-ec2-sg"
            ],
            "source_dest_check": true,
            "spot_instance_request_id": "",
            "subnet_id": "subnet-0430b6835c60cd106",
            "tags": {
              "Name": "vod-server",
              "Project": "vod"
            },
            "tags_all": {
              "Name": "vod-server",
              "Project": "vod"
            },
            "tenancy": "default",
            "timeouts": null,
            "user_data": null,
            "user_data_base64": null,
            "user_data_replace_on_change": false,
            "volume_tags": null,
            "vpc_security_group_ids": [
              "sg-0bb79e45b32ebadb5"
            ]
          },
          "sensitive_attributes": [],
          "identity_schema_version": 0,
          "private": "eyJlMmJmYjczMC1lY2FhLTExZTYtOGY4OC0zNDM2M2JjN2M0YzAiOnsiY3JlYXRlIjo2MDAwMDAwMDAwMDAsImRlbGV0ZSI6MTIwMDAwMDAwMDAwMCwicmVhZCI6OTAwMDAwMDAwMDAwLCJ1cGRhdGUiOjYwMDAwMDAwMDAwMH0sInNjaGVtYV92ZXJzaW9uIjoiMSJ9",
          "dependencies": [
            "aws_key_pair.vod_key",
            "aws_security_group.ec2_sg",
            "data.aws_ami.amazon_linux",
            "data.local_file.public_key"
          ]
        }
      ]
    },
    {
      "mode": "managed",
      "type": "aws_key_pair",
      "name": "vod_key",
      "provider": "provider[\"registry.terraform.io/hashicorp/aws\"]",
      "instances": [
        {
          "schema_version": 1,
          "attributes": {
            "arn": "arn:aws:ec2:ap-southeast-1:914179697805:key-pair/vod-ec2-key",
            "fingerprint": "44:06:87:61:ad:af:1e:cd:7a:17:41:d0:f5:79:76:5f",
            "id": "vod-ec2-key",
            "key_name": "vod-ec2-key",
            "key_name_prefix": "",
            "key_pair_id": "key-019463829f0f9200d",
            "key_type": "rsa",
            "public_key": "ssh-rsa AAAAB3NzaC1yc2EAAAADAQABAAACAQCisGJBDxRcQ1ol1U1ktPm4moVN1ZRNUKM1Adc1Gj2hUFuaI5IpIvybm1SMknz/iBN/TWKeEeSAtyDVnnsr1jhgEizX36C0dSo6Xzsj4ch5weUqepvNn13AUSHJKMYg/UqhZ40D1aWrQKN/NVojSt1HtX5L02e7DCA2QDXGoXkCPpxOQnZa3QoULjQB4H4kzrr+mPyIzJtYG8fF/pIaJMWv80YqDLhPzrE+gwOdpjavce3oZZUA/KdvpTV4FWmBspbIF+9uV8edz+KgrCLfwDAMbdNElRRJhucP4qCMssSIEW2oISwl0V2l2hnF+G/iSJ4gvJVGiG9dmKiMj+b2dvFBABJLhQ8iOVS4Sct7sPqP9EcbflzoOQnNL9Jbr5achny7R8VQUP5fAGkKm6DDUBfROxnebagrEVRXrh+K6Uqj/JcSf/JaegMmcl0sHC0lxxtsWoHWrNT/nP/trEFtNbh+UAsds/wAivyZSFXFRuK7CsIQqyoEUU+IcdDcLUiAClaroXgXC+faO/hG3B7LuuppU0TMbTMDiDgD4n/nOzOJh0OcscK9hwhsIa1yuAVqZf/MeW3JXXUi9dSRZg7zV76egcOJkglCGvoGMnWjEP26UjlxIeH0sc+NT5mBIAm3wTZO2ainycT5uGC/Uh+eysI4f1XpOARTi7RLFw4ReJ0Qtw== khoa@debian",
            "tags": {
              "Name": "vod-key-pair"
            },
            "tags_all": {
              "Name": "vod-key-pair"
            }
          },
          "sensitive_attributes": [],
          "identity_schema_version": 0,
          "private": "eyJzY2hlbWFfdmVyc2lvbiI6IjEifQ==",
          "dependencies": [
            "data.local_file.public_key"
          ]
        }
      ]
    },
    {
      "mode": "managed",
      "type": "aws_security_group",
      "name": "ec2_sg",
      "provider": "provider[\"registry.terraform.io/hashicorp/aws\"]",
      "instances": [
        {
          "schema_version": 1,
          "attributes": {
            "arn": "arn:aws:ec2:ap-southeast-1:914179697805:security-group/sg-0bb79e45b32ebadb5",
            "description": "Security group for VOD EC2 instance",
            "egress": [
              {
                "cidr_blocks": [
                  "0.0.0.0/0"
                ],
                "description": "All outbound traffic",
                "from_port": 0,
                "ipv6_cidr_blocks": [],
                "prefix_list_ids": [],
                "protocol": "-1",
                "security_groups": [],
                "self": false,
                "to_port": 0
              }
            ],
            "id": "sg-0bb79e45b32ebadb5",
            "ingress": [
              {
                "cidr_blocks": [
                  "0.0.0.0/0"
                ],
                "description": "HTTPS",
                "from_port": 443,
                "ipv6_cidr_blocks": [],
                "prefix_list_ids": [],
                "protocol": "tcp",
                "security_groups": [],
                "self": false,
                "to_port": 443
              },
              {
                "cidr_blocks": [
                  "0.0.0.0/0"
                ],
                "description": "Jenkins Agent Port",
                "from_port": 50000,
                "ipv6_cidr_blocks": [],
                "prefix_list_ids": [],
                "protocol": "tcp",
                "security_groups": [],
                "self": false,
                "to_port": 50000
              },
              {
                "cidr_blocks": [
                  "0.0.0.0/0"
                ],
                "description": "Jenkins Web UI",
                "from_port": 9999,
                "ipv6_cidr_blocks": [],
                "prefix_list_ids": [],
                "protocol": "tcp",
                "security_groups": [],
                "self": false,
                "to_port": 9999
              },
              {
                "cidr_blocks": [
                  "0.0.0.0/0"
                ],
                "description": "SSH",
                "from_port": 22,
                "ipv6_cidr_blocks": [],
                "prefix_list_ids": [],
                "protocol": "tcp",
                "security_groups": [],
                "self": false,
                "to_port": 22
              },
              {
                "cidr_blocks": [
                  "0.0.0.0/0"
                ],
                "description": "Spring Boot API",
                "from_port": 8080,
                "ipv6_cidr_blocks": [],
                "prefix_list_ids": [],
                "protocol": "tcp",
                "security_groups": [],
                "self": false,
                "to_port": 8080
              }
            ],
            "name": "vod-ec2-sg",
            "name_prefix": "",
            "owner_id": "914179697805",
            "revoke_rules_on_delete": false,
            "tags": {
              "Name": "vod-ec2-sg"
            },
            "tags_all": {
              "Name": "vod-ec2-sg"
            },
            "timeouts": null,
            "vpc_id": "vpc-0c825b0360b0d41b5"
          },
          "sensitive_attributes": [],
          "identity_schema_version": 0,
          "private": "eyJlMmJmYjczMC1lY2FhLTExZTYtOGY4OC0zNDM2M2JjN2M0YzAiOnsiY3JlYXRlIjo2MDAwMDAwMDAwMDAsImRlbGV0ZSI6OTAwMDAwMDAwMDAwfSwic2NoZW1hX3ZlcnNpb24iOiIxIn0="
        }
      ]
    }
  ],
  "check_results": null
}
